
Microsoft Visual Studio Solution File, Format Version 12.00
# Visual Studio Version 17
VisualStudioVersion = 17.5.002.0
MinimumVisualStudioVersion = 10.0.40219.1
Project("{2150E333-8FDC-42A3-9474-1A3956D46DE8}") = "Estructuras Basicas", "Estructuras Basicas", "{93D6223D-D6D7-4657-A8CF-6F69F07C416D}"
EndProject
Project("{2150E333-8FDC-42A3-9474-1A3956D46DE8}") = "Exercises", "Exercises", "{294E9BD1-78B1-4189-838D-03A4A13DC93C}"
EndProject
Project("{9A19103F-16F7-4668-BE54-9A1E7A4F7556}") = "ProyectoExercises", "Estructuras Basicas\Exercises\ProyectoExercises\ProyectoExercises.csproj", "{11D3D4F6-D301-4637-A7F6-CD074708CFBF}"
EndProject
Global
	GlobalSection(SolutionConfigurationPlatforms) = preSolution
		Debug|Any CPU = Debug|Any CPU
		Release|Any CPU = Release|Any CPU
	EndGlobalSection
	GlobalSection(ProjectConfigurationPlatforms) = postSolution
		{11D3D4F6-D301-4637-A7F6-CD074708CFBF}.Debug|Any CPU.ActiveCfg = Debug|Any CPU
		{11D3D4F6-D301-4637-A7F6-CD074708CFBF}.Debug|Any CPU.Build.0 = Debug|Any CPU
		{11D3D4F6-D301-4637-A7F6-CD074708CFBF}.Release|Any CPU.ActiveCfg = Release|Any CPU
		{11D3D4F6-D301-4637-A7F6-CD074708CFBF}.Release|Any CPU.Build.0 = Release|Any CPU
	EndGlobalSection
	GlobalSection(SolutionProperties) = preSolution
		HideSolutionNode = FALSE
	EndGlobalSection
	GlobalSection(NestedProjects) = preSolution
		{294E9BD1-78B1-4189-838D-03A4A13DC93C} = {93D6223D-D6D7-4657-A8CF-6F69F07C416D}
		{11D3D4F6-D301-4637-A7F6-CD074708CFBF} = {294E9BD1-78B1-4189-838D-03A4A13DC93C}
	EndGlobalSection
	GlobalSection(ExtensibilityGlobals) = postSolution
		SolutionGuid = {D47FED28-0BBF-4C40-9E51-A2387CF991F7}
	EndGlobalSection
EndGlobal
